
Microsoft Visual Studio Solution File, Format Version 12.00
# Visual Studio Version 17
VisualStudioVersion = 17.5.002.0
MinimumVisualStudioVersion = 10.0.40219.1
Project("{9A19103F-16F7-4668-BE54-9A1E7A4F7556}") = "IdentityService", "IdentityService.csproj", "{59CED2BB-414D-4370-821C-EDD401DE27F7}"
EndProject
Global
	GlobalSection(SolutionConfigurationPlatforms) = preSolution
		Debug|Any CPU = Debug|Any CPU
		Release|Any CPU = Release|Any CPU
	EndGlobalSection
	GlobalSection(ProjectConfigurationPlatforms) = postSolution
		{59CED2BB-414D-4370-821C-EDD401DE27F7}.Debug|Any CPU.ActiveCfg = Debug|Any CPU
		{59CED2BB-414D-4370-821C-EDD401DE27F7}.Debug|Any CPU.Build.0 = Debug|Any CPU
		{59CED2BB-414D-4370-821C-EDD401DE27F7}.Release|Any CPU.ActiveCfg = Release|Any CPU
		{59CED2BB-414D-4370-821C-EDD401DE27F7}.Release|Any CPU.Build.0 = Release|Any CPU
	EndGlobalSection
	GlobalSection(SolutionProperties) = preSolution
		HideSolutionNode = FALSE
	EndGlobalSection
	GlobalSection(ExtensibilityGlobals) = postSolution
		SolutionGuid = {5DD6F118-6C8B-4157-9C8A-F08588D288EE}
	EndGlobalSection
EndGlobal
